
Microsoft Visual Studio Solution File, Format Version 12.00
# Visual Studio Version 17
VisualStudioVersion = 17.13.35806.99
MinimumVisualStudioVersion = 10.0.40219.1
Project("{2150E333-8FDC-42A3-9474-1A3956D46DE8}") = "Eshop.Application", "Eshop.Application", "{02EA681E-C7D8-13C7-8484-4AC65E1B71E8}"
EndProject
Project("{2150E333-8FDC-42A3-9474-1A3956D46DE8}") = "Eshop.Data", "Eshop.Data", "{0E3F7BDE-E9B3-49F4-8328-9BF747033039}"
EndProject
Project("{2150E333-8FDC-42A3-9474-1A3956D46DE8}") = "Eshop.Web", "Eshop.Web", "{5704A729-8E3C-40A2-A4FA-4E5BB57C2F6C}"
EndProject
Project("{FAE04EC0-301F-11D3-BF4B-00C04F79EFBC}") = "Eshop.Application", "Eshop.Application\Eshop.Application.csproj", "{DA1E8271-44A2-4A1F-A803-E442CFF057EF}"
EndProject
Project("{FAE04EC0-301F-11D3-BF4B-00C04F79EFBC}") = "Eshop.Data", "Eshop.Data\Eshop.Data.csproj", "{3D84926B-6941-4A51-A3BB-AD0AA0E4AEA4}"
EndProject
Project("{FAE04EC0-301F-11D3-BF4B-00C04F79EFBC}") = "Eshop.Web", "Eshop.Web\Eshop.Web.csproj", "{79C985A7-5D94-4764-9B18-06661A513AAD}"
EndProject
Global
	GlobalSection(SolutionConfigurationPlatforms) = preSolution
		Debug|Any CPU = Debug|Any CPU
		Release|Any CPU = Release|Any CPU
	EndGlobalSection
	GlobalSection(ProjectConfigurationPlatforms) = postSolution
		{DA1E8271-44A2-4A1F-A803-E442CFF057EF}.Debug|Any CPU.ActiveCfg = Debug|Any CPU
		{DA1E8271-44A2-4A1F-A803-E442CFF057EF}.Debug|Any CPU.Build.0 = Debug|Any CPU
		{DA1E8271-44A2-4A1F-A803-E442CFF057EF}.Release|Any CPU.ActiveCfg = Release|Any CPU
		{DA1E8271-44A2-4A1F-A803-E442CFF057EF}.Release|Any CPU.Build.0 = Release|Any CPU
		{3D84926B-6941-4A51-A3BB-AD0AA0E4AEA4}.Debug|Any CPU.ActiveCfg = Debug|Any CPU
		{3D84926B-6941-4A51-A3BB-AD0AA0E4AEA4}.Debug|Any CPU.Build.0 = Debug|Any CPU
		{3D84926B-6941-4A51-A3BB-AD0AA0E4AEA4}.Release|Any CPU.ActiveCfg = Release|Any CPU
		{3D84926B-6941-4A51-A3BB-AD0AA0E4AEA4}.Release|Any CPU.Build.0 = Release|Any CPU
		{79C985A7-5D94-4764-9B18-06661A513AAD}.Debug|Any CPU.ActiveCfg = Debug|Any CPU
		{79C985A7-5D94-4764-9B18-06661A513AAD}.Debug|Any CPU.Build.0 = Debug|Any CPU
		{79C985A7-5D94-4764-9B18-06661A513AAD}.Release|Any CPU.ActiveCfg = Release|Any CPU
		{79C985A7-5D94-4764-9B18-06661A513AAD}.Release|Any CPU.Build.0 = Release|Any CPU
	EndGlobalSection
	GlobalSection(SolutionProperties) = preSolution
		HideSolutionNode = FALSE
	EndGlobalSection
	GlobalSection(NestedProjects) = preSolution
		{DA1E8271-44A2-4A1F-A803-E442CFF057EF} = {02EA681E-C7D8-13C7-8484-4AC65E1B71E8}
		{3D84926B-6941-4A51-A3BB-AD0AA0E4AEA4} = {0E3F7BDE-E9B3-49F4-8328-9BF747033039}
		{79C985A7-5D94-4764-9B18-06661A513AAD} = {5704A729-8E3C-40A2-A4FA-4E5BB57C2F6C}
	EndGlobalSection
	GlobalSection(ExtensibilityGlobals) = postSolution
		SolutionGuid = {546AADB6-B211-4559-81E6-5C9B30B859BD}
	EndGlobalSection
EndGlobal
